// !$*UTF8*$!
{
	archiveVersion = 1;
	classes = {
	};
	objectVersion = 50;
	objects = {

/* Begin PBXBuildFile section */
		606F17712094D68C00922F4F /* AppDelegate.swift in Sources */ = {isa = PBXBuildFile; fileRef = 606F17702094D68C00922F4F /* AppDelegate.swift */; };
		606F17732094D68C00922F4F /* ViewController.swift in Sources */ = {isa = PBXBuildFile; fileRef = 606F17722094D68C00922F4F /* ViewController.swift */; };
		606F17762094D68C00922F4F /* Main.storyboard in Resources */ = {isa = PBXBuildFile; fileRef = 606F17742094D68C00922F4F /* Main.storyboard */; };
		606F17782094D69000922F4F /* Assets.xcassets in Resources */ = {isa = PBXBuildFile; fileRef = 606F17772094D69000922F4F /* Assets.xcassets */; };
		606F177B2094D69000922F4F /* LaunchScreen.storyboard in Resources */ = {isa = PBXBuildFile; fileRef = 606F17792094D69000922F4F /* LaunchScreen.storyboard */; };
		606F17862094D69000922F4F /* XyloTests.swift in Sources */ = {isa = PBXBuildFile; fileRef = 606F17852094D69000922F4F /* XyloTests.swift */; };
		606F17912094D69000922F4F /* XyloUITests.swift in Sources */ = {isa = PBXBuildFile; fileRef = 606F17902094D69000922F4F /* XyloUITests.swift */; };
/* End PBXBuildFile section */

/* Begin PBXContainerItemProxy section */
		606F17822094D69000922F4F /* PBXContainerItemProxy */ = {
			isa = PBXContainerItemProxy;
			containerPortal = 606F17652094D68C00922F4F /* Project object */;
			proxyType = 1;
			remoteGlobalIDString = 606F176C2094D68C00922F4F;
			remoteInfo = Xylo;
		};
		606F178D2094D69000922F4F /* PBXContainerItemProxy */ = {
			isa = PBXContainerItemProxy;
			containerPortal = 606F17652094D68C00922F4F /* Project object */;
			proxyType = 1;
			remoteGlobalIDString = 606F176C2094D68C00922F4F;
			remoteInfo = Xylo;
		};
/* End PBXContainerItemProxy section */

/* Begin PBXFileReference section */
		606F176D2094D68C00922F4F /* Xylo.app */ = {isa = PBXFileReference; explicitFileType = wrapper.application; includeInIndex = 0; path = Xylo.app; sourceTree = BUILT_PRODUCTS_DIR; };
		606F17702094D68C00922F4F /* AppDelegate.swift */ = {isa = PBXFileReference; lastKnownFileType = sourcecode.swift; path = AppDelegate.swift; sourceTree = "<group>"; };
		606F17722094D68C00922F4F /* ViewController.swift */ = {isa = PBXFileReference; lastKnownFileType = sourcecode.swift; path = ViewController.swift; sourceTree = "<group>"; };
		606F17752094D68C00922F4F /* Base */ = {isa = PBXFileReference; lastKnownFileType = file.storyboard; name = Base; path = Base.lproj/Main.storyboard; sourceTree = "<group>"; };
		606F17772094D69000922F4F /* Assets.xcassets */ = {isa = PBXFileReference; lastKnownFileType = folder.assetcatalog; path = Assets.xcassets; sourceTree = "<group>"; };
		606F177A2094D69000922F4F /* Base */ = {isa = PBXFileReference; lastKnownFileType = file.storyboard; name = Base; path = Base.lproj/LaunchScreen.storyboard; sourceTree = "<group>"; };
		606F177C2094D69000922F4F /* Info.plist */ = {isa = PBXFileReference; lastKnownFileType = text.plist.xml; path = Info.plist; sourceTree = "<group>"; };
		606F17812094D69000922F4F /* XyloTests.xctest */ = {isa = PBXFileReference; explicitFileType = wrapper.cfbundle; includeInIndex = 0; path = XyloTests.xctest; sourceTree = BUILT_PRODUCTS_DIR; };
		606F17852094D69000922F4F /* XyloTests.swift */ = {isa = PBXFileReference; lastKnownFileType = sourcecode.swift; path = XyloTests.swift; sourceTree = "<group>"; };
		606F17872094D69000922F4F /* Info.plist */ = {isa = PBXFileReference; lastKnownFileType = text.plist.xml; path = Info.plist; sourceTree = "<group>"; };
		606F178C2094D69000922F4F /* XyloUITests.xctest */ = {isa = PBXFileReference; explicitFileType = wrapper.cfbundle; includeInIndex = 0; path = XyloUITests.xctest; sourceTree = BUILT_PRODUCTS_DIR; };
		606F17902094D69000922F4F /* XyloUITests.swift */ = {isa = PBXFileReference; lastKnownFileType = sourcecode.swift; path = XyloUITests.swift; sourceTree = "<group>"; };
		606F17922094D69000922F4F /* Info.plist */ = {isa = PBXFileReference; lastKnownFileType = text.plist.xml; path = Info.plist; sourceTree = "<group>"; };
/* End PBXFileReference section */

/* Begin PBXFrameworksBuildPhase section */
		606F176A2094D68C00922F4F /* Frameworks */ = {
			isa = PBXFrameworksBuildPhase;
			buildActionMask = 2147483647;
			files = (
			);
			runOnlyForDeploymentPostprocessing = 0;
		};
		606F177E2094D69000922F4F /* Frameworks */ = {
			isa = PBXFrameworksBuildPhase;
			buildActionMask = 2147483647;
			files = (
			);
			runOnlyForDeploymentPostprocessing = 0;
		};
		606F17892094D69000922F4F /* Frameworks */ = {
			isa = PBXFrameworksBuildPhase;
			buildActionMask = 2147483647;
			files = (
			);
			runOnlyForDeploymentPostprocessing = 0;
		};
/* End PBXFrameworksBuildPhase section */

/* Begin PBXGroup section */
		606F17642094D68C00922F4F = {
			isa = PBXGroup;
			children = (
				606F176F2094D68C00922F4F /* Xylo */,
				606F17842094D69000922F4F /* XyloTests */,
				606F178F2094D69000922F4F /* XyloUITests */,
				606F176E2094D68C00922F4F /* Products */,
			);
			sourceTree = "<group>";
		};
		606F176E2094D68C00922F4F /* Products */ = {
			isa = PBXGroup;
			children = (
				606F176D2094D68C00922F4F /* Xylo.app */,
				606F17812094D69000922F4F /* XyloTests.xctest */,
				606F178C2094D69000922F4F /* XyloUITests.xctest */,
			);
			name = Products;
			sourceTree = "<group>";
		};
		606F176F2094D68C00922F4F /* Xylo */ = {
			isa = PBXGroup;
			children = (
				606F17702094D68C00922F4F /* AppDelegate.swift */,
				606F17722094D68C00922F4F /* ViewController.swift */,
				606F17742094D68C00922F4F /* Main.storyboard */,
				606F17772094D69000922F4F /* Assets.xcassets */,
				606F17792094D69000922F4F /* LaunchScreen.storyboard */,
				606F177C2094D69000922F4F /* Info.plist */,
			);
			path = Xylo;
			sourceTree = "<group>";
		};
		606F17842094D69000922F4F /* XyloTests */ = {
			isa = PBXGroup;
			children = (
				606F17852094D69000922F4F /* XyloTests.swift */,
				606F17872094D69000922F4F /* Info.plist */,
			);
			path = XyloTests;
			sourceTree = "<group>";
		};
		606F178F2094D69000922F4F /* XyloUITests */ = {
			isa = PBXGroup;
			children = (
				606F17902094D69000922F4F /* XyloUITests.swift */,
				606F17922094D69000922F4F /* Info.plist */,
			);
			path = XyloUITests;
			sourceTree = "<group>";
		};
/* End PBXGroup section */

/* Begin PBXNativeTarget section */
		606F176C2094D68C00922F4F /* Xylo */ = {
			isa = PBXNativeTarget;
			buildConfigurationList = 606F17952094D69000922F4F /* Build configuration list for PBXNativeTarget "Xylo" */;
			buildPhases = (
				606F17692094D68C00922F4F /* Sources */,
				606F176A2094D68C00922F4F /* Frameworks */,
				606F176B2094D68C00922F4F /* Resources */,
			);
			buildRules = (
			);
			dependencies = (
			);
			name = Xylo;
			productName = Xylo;
			productReference = 606F176D2094D68C00922F4F /* Xylo.app */;
			productType = "com.apple.product-type.application";
		};
		606F17802094D69000922F4F /* XyloTests */ = {
			isa = PBXNativeTarget;
			buildConfigurationList = 606F17982094D69000922F4F /* Build configuration list for PBXNativeTarget "XyloTests" */;
			buildPhases = (
				606F177D2094D69000922F4F /* Sources */,
				606F177E2094D69000922F4F /* Frameworks */,
				606F177F2094D69000922F4F /* Resources */,
			);
			buildRules = (
			);
			dependencies = (
				606F17832094D69000922F4F /* PBXTargetDependency */,
			);
			name = XyloTests;
			productName = XyloTests;
			productReference = 606F17812094D69000922F4F /* XyloTests.xctest */;
			productType = "com.apple.product-type.bundle.unit-test";
		};
		606F178B2094D69000922F4F /* XyloUITests */ = {
			isa = PBXNativeTarget;
			buildConfigurationList = 606F179B2094D69000922F4F /* Build configuration list for PBXNativeTarget "XyloUITests" */;
			buildPhases = (
				606F17882094D69000922F4F /* Sources */,
				606F17892094D69000922F4F /* Frameworks */,
				606F178A2094D69000922F4F /* Resources */,
			);
			buildRules = (
			);
			dependencies = (
				606F178E2094D69000922F4F /* PBXTargetDependency */,
			);
			name = XyloUITests;
			productName = XyloUITests;
			productReference = 606F178C2094D69000922F4F /* XyloUITests.xctest */;
			productType = "com.apple.product-type.bundle.ui-testing";
		};
/* End PBXNativeTarget section */

/* Begin PBXProject section */
		606F17652094D68C00922F4F /* Project object */ = {
			isa = PBXProject;
			attributes = {
				LastSwiftUpdateCheck = 0930;
				LastUpgradeCheck = 0930;
				ORGANIZATIONNAME = "Anubhav Malik";
				TargetAttributes = {
					606F176C2094D68C00922F4F = {
						CreatedOnToolsVersion = 9.3;
					};
					606F17802094D69000922F4F = {
						CreatedOnToolsVersion = 9.3;
						TestTargetID = 606F176C2094D68C00922F4F;
					};
					606F178B2094D69000922F4F = {
						CreatedOnToolsVersion = 9.3;
						TestTargetID = 606F176C2094D68C00922F4F;
					};
				};
			};
			buildConfigurationList = 606F17682094D68C00922F4F /* Build configuration list for PBXProject "Xylo" */;
			compatibilityVersion = "Xcode 9.3";
			developmentRegion = en;
			hasScannedForEncodings = 0;
			knownRegions = (
				en,
				Base,
			);
			mainGroup = 606F17642094D68C00922F4F;
			productRefGroup = 606F176E2094D68C00922F4F /* Products */;
			projectDirPath = "";
			projectRoot = "";
			targets = (
				606F176C2094D68C00922F4F /* Xylo */,
				606F17802094D69000922F4F /* XyloTests */,
				606F178B2094D69000922F4F /* XyloUITests */,
			);
		};
/* End PBXProject section */

/* Begin PBXResourcesBuildPhase section */
		606F176B2094D68C00922F4F /* Resources */ = {
			isa = PBXResourcesBuildPhase;
			buildActionMask = 2147483647;
			files = (
				606F177B2094D69000922F4F /* LaunchScreen.storyboard in Resources */,
				606F17782094D69000922F4F /* Assets.xcassets in Resources */,
				606F17762094D68C00922F4F /* Main.storyboard in Resources */,
			);
			runOnlyForDeploymentPostprocessing = 0;
		};
		606F177F2094D69000922F4F /* Resources */ = {
			isa = PBXResourcesBuildPhase;
			buildActionMask = 2147483647;
			files = (
			);
			runOnlyForDeploymentPostprocessing = 0;
		};
		606F178A2094D69000922F4F /* Resources */ = {
			isa = PBXResourcesBuildPhase;
			buildActionMask = 2147483647;
			files = (
			);
			runOnlyForDeploymentPostprocessing = 0;
		};
/* End PBXResourcesBuildPhase section */

/* Begin PBXSourcesBuildPhase section */
		606F17692094D68C00922F4F /* Sources */ = {
			isa = PBXSourcesBuildPhase;
			buildActionMask = 2147483647;
			files = (
				606F17732094D68C00922F4F /* ViewController.swift in Sources */,
				606F17712094D68C00922F4F /* AppDelegate.swift in Sources */,
			);
			runOnlyForDeploymentPostprocessing = 0;
		};
		606F177D2094D69000922F4F /* Sources */ = {
			isa = PBXSourcesBuildPhase;
			buildActionMask = 2147483647;
			files = (
				606F17862094D69000922F4F /* XyloTests.swift in Sources */,
			);
			runOnlyForDeploymentPostprocessing = 0;
		};
		606F17882094D69000922F4F /* Sources */ = {
			isa = PBXSourcesBuildPhase;
			buildActionMask = 2147483647;
			files = (
				606F17912094D69000922F4F /* XyloUITests.swift in Sources */,
			);
			runOnlyForDeploymentPostprocessing = 0;
		};
/* End PBXSourcesBuildPhase section */

/* Begin PBXTargetDependency section */
		606F17832094D69000922F4F /* PBXTargetDependency */ = {
			isa = PBXTargetDependency;
			target = 606F176C2094D68C00922F4F /* Xylo */;
			targetProxy = 606F17822094D69000922F4F /* PBXContainerItemProxy */;
		};
		606F178E2094D69000922F4F /* PBXTargetDependency */ = {
			isa = PBXTargetDependency;
			target = 606F176C2094D68C00922F4F /* Xylo */;
			targetProxy = 606F178D2094D69000922F4F /* PBXContainerItemProxy */;
		};
/* End PBXTargetDependency section */

/* Begin PBXVariantGroup section */
		606F17742094D68C00922F4F /* Main.storyboard */ = {
			isa = PBXVariantGroup;
			children = (
				606F17752094D68C00922F4F /* Base */,
			);
			name = Main.storyboard;
			sourceTree = "<group>";
		};
		606F17792094D69000922F4F /* LaunchScreen.storyboard */ = {
			isa = PBXVariantGroup;
			children = (
				606F177A2094D69000922F4F /* Base */,
			);
			name = LaunchScreen.storyboard;
			sourceTree = "<group>";
		};
/* End PBXVariantGroup section */

/* Begin XCBuildConfiguration section */
		606F17932094D69000922F4F /* Debug */ = {
			isa = XCBuildConfiguration;
			buildSettings = {
				ALWAYS_SEARCH_USER_PATHS = NO;
				CLANG_ANALYZER_NONNULL = YES;
				CLANG_ANALYZER_NUMBER_OBJECT_CONVERSION = YES_AGGRESSIVE;
				CLANG_CXX_LANGUAGE_STANDARD = "gnu++14";
				CLANG_CXX_LIBRARY = "libc++";
				CLANG_ENABLE_MODULES = YES;
				CLANG_ENABLE_OBJC_ARC = YES;
				CLANG_ENABLE_OBJC_WEAK = YES;
				CLANG_WARN_BLOCK_CAPTURE_AUTORELEASING = YES;
				CLANG_WARN_BOOL_CONVERSION = YES;
				CLANG_WARN_COMMA = YES;
				CLANG_WARN_CONSTANT_CONVERSION = YES;
				CLANG_WARN_DEPRECATED_OBJC_IMPLEMENTATIONS = YES;
				CLANG_WARN_DIRECT_OBJC_ISA_USAGE = YES_ERROR;
				CLANG_WARN_DOCUMENTATION_COMMENTS = YES;
				CLANG_WARN_EMPTY_BODY = YES;
				CLANG_WARN_ENUM_CONVERSION = YES;
				CLANG_WARN_INFINITE_RECURSION = YES;
				CLANG_WARN_INT_CONVERSION = YES;
				CLANG_WARN_NON_LITERAL_NULL_CONVERSION = YES;
				CLANG_WARN_OBJC_IMPLICIT_RETAIN_SELF = YES;
				CLANG_WARN_OBJC_LITERAL_CONVERSION = YES;
				CLANG_WARN_OBJC_ROOT_CLASS = YES_ERROR;
				CLANG_WARN_RANGE_LOOP_ANALYSIS = YES;
				CLANG_WARN_STRICT_PROTOTYPES = YES;
				CLANG_WARN_SUSPICIOUS_MOVE = YES;
				CLANG_WARN_UNGUARDED_AVAILABILITY = YES_AGGRESSIVE;
				CLANG_WARN_UNREACHABLE_CODE = YES;
				CLANG_WARN__DUPLICATE_METHOD_MATCH = YES;
				CODE_SIGN_IDENTITY = "iPhone Developer";
				COPY_PHASE_STRIP = NO;
				DEBUG_INFORMATION_FORMAT = dwarf;
				ENABLE_STRICT_OBJC_MSGSEND = YES;
				ENABLE_TESTABILITY = YES;
				GCC_C_LANGUAGE_STANDARD = gnu11;
				GCC_DYNAMIC_NO_PIC = NO;
				GCC_NO_COMMON_BLOCKS = YES;
				GCC_OPTIMIZATION_LEVEL = 0;
				GCC_PREPROCESSOR_DEFINITIONS = (
					"DEBUG=1",
					"$(inherited)",
				);
				GCC_WARN_64_TO_32_BIT_CONVERSION = YES;
				GCC_WARN_ABOUT_RETURN_TYPE = YES_ERROR;
				GCC_WARN_UNDECLARED_SELECTOR = YES;
				GCC_WARN_UNINITIALIZED_AUTOS = YES_AGGRESSIVE;
				GCC_WARN_UNUSED_FUNCTION = YES;
				GCC_WARN_UNUSED_VARIABLE = YES;
				IPHONEOS_DEPLOYMENT_TARGET = 11.3;
				MTL_ENABLE_DEBUG_INFO = YES;
				ONLY_ACTIVE_ARCH = YES;
				SDKROOT = iphoneos;
				SWIFT_ACTIVE_COMPILATION_CONDITIONS = DEBUG;
				SWIFT_OPTIMIZATION_LEVEL = "-Onone";
			};
			name = Debug;
		};
		606F17942094D69000922F4F /* Release */ = {
			isa = XCBuildConfiguration;
			buildSettings = {
				ALWAYS_SEARCH_USER_PATHS = NO;
				CLANG_ANALYZER_NONNULL = YES;
				CLANG_ANALYZER_NUMBER_OBJECT_CONVERSION = YES_AGGRESSIVE;
				CLANG_CXX_LANGUAGE_STANDARD = "gnu++14";
				CLANG_CXX_LIBRARY = "libc++";
				CLANG_ENABLE_MODULES = YES;
				CLANG_ENABLE_OBJC_ARC = YES;
				CLANG_ENABLE_OBJC_WEAK = YES;
				CLANG_WARN_BLOCK_CAPTURE_AUTORELEASING = YES;
				CLANG_WARN_BOOL_CONVERSION = YES;
				CLANG_WARN_COMMA = YES;
				CLANG_WARN_CONSTANT_CONVERSION = YES;
				CLANG_WARN_DEPRECATED_OBJC_IMPLEMENTATIONS = YES;
				CLANG_WARN_DIRECT_OBJC_ISA_USAGE = YES_ERROR;
				CLANG_WARN_DOCUMENTATION_COMMENTS = YES;
				CLANG_WARN_EMPTY_BODY = YES;
				CLANG_WARN_ENUM_CONVERSION = YES;
				CLANG_WARN_INFINITE_RECURSION = YES;
				CLANG_WARN_INT_CONVERSION = YES;
				CLANG_WARN_NON_LITERAL_NULL_CONVERSION = YES;
				CLANG_WARN_OBJC_IMPLICIT_RETAIN_SELF = YES;
				CLANG_WARN_OBJC_LITERAL_CONVERSION = YES;
				CLANG_WARN_OBJC_ROOT_CLASS = YES_ERROR;
				CLANG_WARN_RANGE_LOOP_ANALYSIS = YES;
				CLANG_WARN_STRICT_PROTOTYPES = YES;
				CLANG_WARN_SUSPICIOUS_MOVE = YES;
				CLANG_WARN_UNGUARDED_AVAILABILITY = YES_AGGRESSIVE;
				CLANG_WARN_UNREACHABLE_CODE = YES;
				CLANG_WARN__DUPLICATE_METHOD_MATCH = YES;
				CODE_SIGN_IDENTITY = "iPhone Developer";
				COPY_PHASE_STRIP = NO;
				DEBUG_INFORMATION_FORMAT = "dwarf-with-dsym";
				ENABLE_NS_ASSERTIONS = NO;
				ENABLE_STRICT_OBJC_MSGSEND = YES;
				GCC_C_LANGUAGE_STANDARD = gnu11;
				GCC_NO_COMMON_BLOCKS = YES;
				GCC_WARN_64_TO_32_BIT_CONVERSION = YES;
				GCC_WARN_ABOUT_RETURN_TYPE = YES_ERROR;
				GCC_WARN_UNDECLARED_SELECTOR = YES;
				GCC_WARN_UNINITIALIZED_AUTOS = YES_AGGRESSIVE;
				GCC_WARN_UNUSED_FUNCTION = YES;
				GCC_WARN_UNUSED_VARIABLE = YES;
				IPHONEOS_DEPLOYMENT_TARGET = 11.3;
				MTL_ENABLE_DEBUG_INFO = NO;
				SDKROOT = iphoneos;
				SWIFT_COMPILATION_MODE = wholemodule;
				SWIFT_OPTIMIZATION_LEVEL = "-O";
				VALIDATE_PRODUCT = YES;
			};
			name = Release;
		};
		606F17962094D69000922F4F /* Debug */ = {
			isa = XCBuildConfiguration;
			buildSettings = {
				ASSETCATALOG_COMPILER_APPICON_NAME = AppIcon;
				CODE_SIGN_STYLE = Automatic;
				INFOPLIST_FILE = Xylo/Info.plist;
				LD_RUNPATH_SEARCH_PATHS = (
					"$(inherited)",
					"@executable_path/Frameworks",
				);
				PRODUCT_BUNDLE_IDENTIFIER = com.anubhavmalikdeveloper.Xylo;
				PRODUCT_NAME = "$(TARGET_NAME)";
				SWIFT_VERSION = 4.0;
				TARGETED_DEVICE_FAMILY = "1,2";
			};
			name = Debug;
		};
		606F17972094D69000922F4F /* Release */ = {
			isa = XCBuildConfiguration;
			buildSettings = {
				ASSETCATALOG_COMPILER_APPICON_NAME = AppIcon;
				CODE_SIGN_STYLE = Automatic;
				INFOPLIST_FILE = Xylo/Info.plist;
				LD_RUNPATH_SEARCH_PATHS = (
					"$(inherited)",
					"@executable_path/Frameworks",
				);
				PRODUCT_BUNDLE_IDENTIFIER = com.anubhavmalikdeveloper.Xylo;
				PRODUCT_NAME = "$(TARGET_NAME)";
				SWIFT_VERSION = 4.0;
				TARGETED_DEVICE_FAMILY = "1,2";
			};
			name = Release;
		};
		606F17992094D69000922F4F /* Debug */ = {
			isa = XCBuildConfiguration;
			buildSettings = {
				ALWAYS_EMBED_SWIFT_STANDARD_LIBRARIES = YES;
				BUNDLE_LOADER = "$(TEST_HOST)";
				CODE_SIGN_STYLE = Automatic;
				INFOPLIST_FILE = XyloTests/Info.plist;
				LD_RUNPATH_SEARCH_PATHS = (
					"$(inherited)",
					"@executable_path/Frameworks",
					"@loader_path/Frameworks",
				);
				PRODUCT_BUNDLE_IDENTIFIER = com.anubhavmalikdeveloper.XyloTests;
				PRODUCT_NAME = "$(TARGET_NAME)";
				SWIFT_VERSION = 4.0;
				TARGETED_DEVICE_FAMILY = "1,2";
				TEST_HOST = "$(BUILT_PRODUCTS_DIR)/Xylo.app/Xylo";
			};
			name = Debug;
		};
		606F179A2094D69000922F4F /* Release */ = {
			isa = XCBuildConfiguration;
			buildSettings = {
				ALWAYS_EMBED_SWIFT_STANDARD_LIBRARIES = YES;
				BUNDLE_LOADER = "$(TEST_HOST)";
				CODE_SIGN_STYLE = Automatic;
				INFOPLIST_FILE = XyloTests/Info.plist;
				LD_RUNPATH_SEARCH_PATHS = (
					"$(inherited)",
					"@executable_path/Frameworks",
					"@loader_path/Frameworks",
				);
				PRODUCT_BUNDLE_IDENTIFIER = com.anubhavmalikdeveloper.XyloTests;
				PRODUCT_NAME = "$(TARGET_NAME)";
				SWIFT_VERSION = 4.0;
				TARGETED_DEVICE_FAMILY = "1,2";
				TEST_HOST = "$(BUILT_PRODUCTS_DIR)/Xylo.app/Xylo";
			};
			name = Release;
		};
		606F179C2094D69000922F4F /* Debug */ = {
			isa = XCBuildConfiguration;
			buildSettings = {
				ALWAYS_EMBED_SWIFT_STANDARD_LIBRARIES = YES;
				CODE_SIGN_STYLE = Automatic;
				INFOPLIST_FILE = XyloUITests/Info.plist;
				LD_RUNPATH_SEARCH_PATHS = (
					"$(inherited)",
					"@executable_path/Frameworks",
					"@loader_path/Frameworks",
				);
				PRODUCT_BUNDLE_IDENTIFIER = com.anubhavmalikdeveloper.XyloUITests;
				PRODUCT_NAME = "$(TARGET_NAME)";
				SWIFT_VERSION = 4.0;
				TARGETED_DEVICE_FAMILY = "1,2";
				TEST_TARGET_NAME = Xylo;
			};
			name = Debug;
		};
		606F179D2094D69000922F4F /* Release */ = {
			isa = XCBuildConfiguration;
			buildSettings = {
				ALWAYS_EMBED_SWIFT_STANDARD_LIBRARIES = YES;
				CODE_SIGN_STYLE = Automatic;
				INFOPLIST_FILE = XyloUITests/Info.plist;
				LD_RUNPATH_SEARCH_PATHS = (
					"$(inherited)",
					"@executable_path/Frameworks",
					"@loader_path/Frameworks",
				);
				PRODUCT_BUNDLE_IDENTIFIER = com.anubhavmalikdeveloper.XyloUITests;
				PRODUCT_NAME = "$(TARGET_NAME)";
				SWIFT_VERSION = 4.0;
				TARGETED_DEVICE_FAMILY = "1,2";
				TEST_TARGET_NAME = Xylo;
			};
			name = Release;
		};
/* End XCBuildConfiguration section */

/* Begin XCConfigurationList section */
		606F17682094D68C00922F4F /* Build configuration list for PBXProject "Xylo" */ = {
			isa = XCConfigurationList;
			buildConfigurations = (
				606F17932094D69000922F4F /* Debug */,
				606F17942094D69000922F4F /* Release */,
			);
			defaultConfigurationIsVisible = 0;
			defaultConfigurationName = Release;
		};
		606F17952094D69000922F4F /* Build configuration list for PBXNativeTarget "Xylo" */ = {
			isa = XCConfigurationList;
			buildConfigurations = (
				606F17962094D69000922F4F /* Debug */,
				606F17972094D69000922F4F /* Release */,
			);
			defaultConfigurationIsVisible = 0;
			defaultConfigurationName = Release;
		};
		606F17982094D69000922F4F /* Build configuration list for PBXNativeTarget "XyloTests" */ = {
			isa = XCConfigurationList;
			buildConfigurations = (
				606F17992094D69000922F4F /* Debug */,
				606F179A2094D69000922F4F /* Release */,
			);
			defaultConfigurationIsVisible = 0;
			defaultConfigurationName = Release;
		};
		606F179B2094D69000922F4F /* Build configuration list for PBXNativeTarget "XyloUITests" */ = {
			isa = XCConfigurationList;
			buildConfigurations = (
				606F179C2094D69000922F4F /* Debug */,
				606F179D2094D69000922F4F /* Release */,
			);
			defaultConfigurationIsVisible = 0;
			defaultConfigurationName = Release;
		};
/* End XCConfigurationList section */
	};
	rootObject = 606F17652094D68C00922F4F /* Project object */;
}
